
Microsoft Visual Studio Solution File, Format Version 12.00
# Visual Studio Version 17
VisualStudioVersion = 17.2.32602.215
MinimumVisualStudioVersion = 10.0.40219.1
Project("{FAE04EC0-301F-11D3-BF4B-00C04F79EFBC}") = "GridCustomSorting", "GridCustomSorting\GridCustomSorting.csproj", "{821ED26E-8D47-4EBB-BA22-7D8E3E8E8317}"
EndProject
Global
	GlobalSection(SolutionConfigurationPlatforms) = preSolution
		Debug|Any CPU = Debug|Any CPU
		Release|Any CPU = Release|Any CPU
	EndGlobalSection
	GlobalSection(ProjectConfigurationPlatforms) = postSolution
		{821ED26E-8D47-4EBB-BA22-7D8E3E8E8317}.Debug|Any CPU.ActiveCfg = Debug|Any CPU
		{821ED26E-8D47-4EBB-BA22-7D8E3E8E8317}.Debug|Any CPU.Build.0 = Debug|Any CPU
		{821ED26E-8D47-4EBB-BA22-7D8E3E8E8317}.Release|Any CPU.ActiveCfg = Release|Any CPU
		{821ED26E-8D47-4EBB-BA22-7D8E3E8E8317}.Release|Any CPU.Build.0 = Release|Any CPU
	EndGlobalSection
	GlobalSection(SolutionProperties) = preSolution
		HideSolutionNode = FALSE
	EndGlobalSection
	GlobalSection(ExtensibilityGlobals) = postSolution
		SolutionGuid = {20B1485B-6E92-4AEA-B10E-F6DFC2237EF7}
	EndGlobalSection
EndGlobal
